
Microsoft Visual Studio Solution File, Format Version 12.00
# Visual Studio Version 17
VisualStudioVersion = 17.9.34616.47
MinimumVisualStudioVersion = 10.0.40219.1
Project("{FAE04EC0-301F-11D3-BF4B-00C04F79EFBC}") = "PawPal.Users.Presentation.Api", "PawPal.Presentation.Api\PawPal.Users.Presentation.Api.csproj", "{0029B652-7AD5-464F-89E9-350EE6EB38C5}"
EndProject
Global
	GlobalSection(SolutionConfigurationPlatforms) = preSolution
		Debug|Any CPU = Debug|Any CPU
		Release|Any CPU = Release|Any CPU
	EndGlobalSection
	GlobalSection(ProjectConfigurationPlatforms) = postSolution
		{0029B652-7AD5-464F-89E9-350EE6EB38C5}.Debug|Any CPU.ActiveCfg = Debug|Any CPU
		{0029B652-7AD5-464F-89E9-350EE6EB38C5}.Debug|Any CPU.Build.0 = Debug|Any CPU
		{0029B652-7AD5-464F-89E9-350EE6EB38C5}.Release|Any CPU.ActiveCfg = Release|Any CPU
		{0029B652-7AD5-464F-89E9-350EE6EB38C5}.Release|Any CPU.Build.0 = Release|Any CPU
	EndGlobalSection
	GlobalSection(SolutionProperties) = preSolution
		HideSolutionNode = FALSE
	EndGlobalSection
	GlobalSection(ExtensibilityGlobals) = postSolution
		SolutionGuid = {A1A11F8A-6A02-4769-B57A-1F73817A0908}
	EndGlobalSection
EndGlobal
