
Microsoft Visual Studio Solution File, Format Version 12.00
# Visual Studio Version 17
VisualStudioVersion = 17.9.34616.47
MinimumVisualStudioVersion = 10.0.40219.1
Project("{FAE04EC0-301F-11D3-BF4B-00C04F79EFBC}") = "PawPal.Reservations.Presentation.API", "PawPal.Reservations.Presentation.API\PawPal.Reservations.Presentation.API.csproj", "{1C3AFCC9-9AC3-42CF-81EB-5F8009CBE8FB}"
EndProject
Project("{FAE04EC0-301F-11D3-BF4B-00C04F79EFBC}") = "PawPal.Reservations.Services", "PawPal.Reservations.Services\PawPal.Reservations.Services.csproj", "{3D92F1DE-D62A-42BC-959F-FB9AFD6BA256}"
EndProject
Project("{FAE04EC0-301F-11D3-BF4B-00C04F79EFBC}") = "PawPal.Reservations.Core", "PawPal.Reservations.Core\PawPal.Reservations.Core.csproj", "{DA351148-877A-490B-A809-632CB1021FBD}"
EndProject
Project("{FAE04EC0-301F-11D3-BF4B-00C04F79EFBC}") = "PawPal.Reservations.Infrastructure", "PawPal.Reservations.Infrastructure\PawPal.Reservations.Infrastructure.csproj", "{861578D1-2813-4E03-8ECB-5476900DCDE3}"
EndProject
Project("{FAE04EC0-301F-11D3-BF4B-00C04F79EFBC}") = "PawPal.Reservations.Tests", "PawPal.Reservations.Tests\PawPal.Reservations.Tests.csproj", "{73E1BC2C-2342-41FD-AA6E-537CDFC458EA}"
EndProject
Project("{FAE04EC0-301F-11D3-BF4B-00C04F79EFBC}") = "PawPal.Reservations.Architecture.Tests", "PawPal.Reservations.Architecture.Tests\PawPal.Reservations.Architecture.Tests.csproj", "{F24650C9-1FAE-428A-B140-671E0D3B8A0F}"
EndProject
Global
	GlobalSection(SolutionConfigurationPlatforms) = preSolution
		Debug|Any CPU = Debug|Any CPU
		Release|Any CPU = Release|Any CPU
	EndGlobalSection
	GlobalSection(ProjectConfigurationPlatforms) = postSolution
		{1C3AFCC9-9AC3-42CF-81EB-5F8009CBE8FB}.Debug|Any CPU.ActiveCfg = Debug|Any CPU
		{1C3AFCC9-9AC3-42CF-81EB-5F8009CBE8FB}.Debug|Any CPU.Build.0 = Debug|Any CPU
		{1C3AFCC9-9AC3-42CF-81EB-5F8009CBE8FB}.Release|Any CPU.ActiveCfg = Release|Any CPU
		{1C3AFCC9-9AC3-42CF-81EB-5F8009CBE8FB}.Release|Any CPU.Build.0 = Release|Any CPU
		{3D92F1DE-D62A-42BC-959F-FB9AFD6BA256}.Debug|Any CPU.ActiveCfg = Debug|Any CPU
		{3D92F1DE-D62A-42BC-959F-FB9AFD6BA256}.Debug|Any CPU.Build.0 = Debug|Any CPU
		{3D92F1DE-D62A-42BC-959F-FB9AFD6BA256}.Release|Any CPU.ActiveCfg = Release|Any CPU
		{3D92F1DE-D62A-42BC-959F-FB9AFD6BA256}.Release|Any CPU.Build.0 = Release|Any CPU
		{DA351148-877A-490B-A809-632CB1021FBD}.Debug|Any CPU.ActiveCfg = Debug|Any CPU
		{DA351148-877A-490B-A809-632CB1021FBD}.Debug|Any CPU.Build.0 = Debug|Any CPU
		{DA351148-877A-490B-A809-632CB1021FBD}.Release|Any CPU.ActiveCfg = Release|Any CPU
		{DA351148-877A-490B-A809-632CB1021FBD}.Release|Any CPU.Build.0 = Release|Any CPU
		{861578D1-2813-4E03-8ECB-5476900DCDE3}.Debug|Any CPU.ActiveCfg = Debug|Any CPU
		{861578D1-2813-4E03-8ECB-5476900DCDE3}.Debug|Any CPU.Build.0 = Debug|Any CPU
		{861578D1-2813-4E03-8ECB-5476900DCDE3}.Release|Any CPU.ActiveCfg = Release|Any CPU
		{861578D1-2813-4E03-8ECB-5476900DCDE3}.Release|Any CPU.Build.0 = Release|Any CPU
		{73E1BC2C-2342-41FD-AA6E-537CDFC458EA}.Debug|Any CPU.ActiveCfg = Debug|Any CPU
		{73E1BC2C-2342-41FD-AA6E-537CDFC458EA}.Debug|Any CPU.Build.0 = Debug|Any CPU
		{73E1BC2C-2342-41FD-AA6E-537CDFC458EA}.Release|Any CPU.ActiveCfg = Release|Any CPU
		{73E1BC2C-2342-41FD-AA6E-537CDFC458EA}.Release|Any CPU.Build.0 = Release|Any CPU
		{F24650C9-1FAE-428A-B140-671E0D3B8A0F}.Debug|Any CPU.ActiveCfg = Debug|Any CPU
		{F24650C9-1FAE-428A-B140-671E0D3B8A0F}.Debug|Any CPU.Build.0 = Debug|Any CPU
		{F24650C9-1FAE-428A-B140-671E0D3B8A0F}.Release|Any CPU.ActiveCfg = Release|Any CPU
		{F24650C9-1FAE-428A-B140-671E0D3B8A0F}.Release|Any CPU.Build.0 = Release|Any CPU
	EndGlobalSection
	GlobalSection(SolutionProperties) = preSolution
		HideSolutionNode = FALSE
	EndGlobalSection
	GlobalSection(ExtensibilityGlobals) = postSolution
		SolutionGuid = {9D0313D3-010F-445C-B847-FF749239FC07}
	EndGlobalSection
EndGlobal
